
Microsoft Visual Studio Solution File, Format Version 12.00
Project("{FAE04EC0-301F-11D3-BF4B-00C04F79EFBC}") = "Grpc.Correlation", "Grpc.Correlation\Grpc.Correlation.csproj", "{A1EFAD6C-07DB-4674-BB53-C9A236C17750}"
EndProject
Project("{FAE04EC0-301F-11D3-BF4B-00C04F79EFBC}") = "Grpc.Correlation.Tests", "Grpc.Correlation.Tests\Grpc.Correlation.Tests.csproj", "{15A83E3B-D48A-42A2-BB7C-F261094510F0}"
EndProject
Project("{FAE04EC0-301F-11D3-BF4B-00C04F79EFBC}") = "Grpc.Testing", "Grpc.Testing\Grpc.Testing.csproj", "{0CA215C8-CEAE-4195-84B6-DED787E6D36C}"
EndProject
Project("{FAE04EC0-301F-11D3-BF4B-00C04F79EFBC}") = "Grpc.Client", "Grpc.Client\Grpc.Client.csproj", "{88786D67-190B-441E-9C58-8BB67FF3A6D1}"
EndProject
Project("{FAE04EC0-301F-11D3-BF4B-00C04F79EFBC}") = "Grpc.Client.Tests", "Grpc.Client.Tests\Grpc.Client.Tests.csproj", "{243C8E76-DA23-4033-A4B0-8B28BAEBDFEA}"
EndProject
Project("{FAE04EC0-301F-11D3-BF4B-00C04F79EFBC}") = "Contracts", "Contracts\Contracts.csproj", "{CF19684B-6059-4DA3-BF5A-48443D16ED29}"
EndProject
Project("{FAE04EC0-301F-11D3-BF4B-00C04F79EFBC}") = "Grpc.Web", "Grpc.Web\Grpc.Web.csproj", "{24E310A2-5FDF-4F57-AD22-F097D2091536}"
EndProject
Project("{FAE04EC0-301F-11D3-BF4B-00C04F79EFBC}") = "Grpc.Web.Test", "Grpc.Web.Test\Grpc.Web.Test.csproj", "{11C2794F-F635-4AC8-A12F-27D2236EB9F2}"
EndProject
Project("{FAE04EC0-301F-11D3-BF4B-00C04F79EFBC}") = "Grpc.Validation", "Grpc.Validation\Grpc.Validation.csproj", "{5F09D148-87BD-4DFF-B969-0A1DA15C1ED1}"
EndProject
Project("{FAE04EC0-301F-11D3-BF4B-00C04F79EFBC}") = "Grpc.Validation.Tests", "Grpc.Validation.Tests\Grpc.Validation.Tests.csproj", "{112CF1B7-F309-4F14-86E4-262688F0599E}"
EndProject
Project("{FAE04EC0-301F-11D3-BF4B-00C04F79EFBC}") = "Kestrel.ProtocolMultiplexing", "Kestrel.ProtocolMultiplexing\Kestrel.ProtocolMultiplexing.csproj", "{5732DAD5-31FA-4A5D-A63E-1A6D02806188}"
EndProject
Project("{2150E333-8FDC-42A3-9474-1A3956D46DE8}") = "Config", "Config", "{73DFFB50-103F-487F-994F-C602818BEB1B}"
ProjectSection(SolutionItems) = preProject
	.gitignore = .gitignore
	.gitlab-ci.yml = .gitlab-ci.yml
EndProjectSection
EndProject
Project("{FAE04EC0-301F-11D3-BF4B-00C04F79EFBC}") = "Kestrel.ProtocolMultiplexing.Tests", "Kestrel.ProtocolMultiplexing.Tests\Kestrel.ProtocolMultiplexing.Tests.csproj", "{FCAD7915-F916-4640-9653-8ADE7ED97591}"
EndProject
Project("{FAE04EC0-301F-11D3-BF4B-00C04F79EFBC}") = "Grpc.Backoff", "Grpc.Backoff\Grpc.Backoff.csproj", "{6D827AC8-A570-45E4-AB9A-AF14856AD04D}"
EndProject
Project("{FAE04EC0-301F-11D3-BF4B-00C04F79EFBC}") = "Grpc.Backoff.Tests", "Grpc.Backoff.Tests\Grpc.Backoff.Tests.csproj", "{6ACE547B-750C-4462-9DDC-ACE33A4F84E4}"
EndProject
Global
	GlobalSection(SolutionConfigurationPlatforms) = preSolution
		Debug|Any CPU = Debug|Any CPU
		Release|Any CPU = Release|Any CPU
	EndGlobalSection
	GlobalSection(ProjectConfigurationPlatforms) = postSolution
		{A1EFAD6C-07DB-4674-BB53-C9A236C17750}.Debug|Any CPU.ActiveCfg = Debug|Any CPU
		{A1EFAD6C-07DB-4674-BB53-C9A236C17750}.Debug|Any CPU.Build.0 = Debug|Any CPU
		{A1EFAD6C-07DB-4674-BB53-C9A236C17750}.Release|Any CPU.ActiveCfg = Release|Any CPU
		{A1EFAD6C-07DB-4674-BB53-C9A236C17750}.Release|Any CPU.Build.0 = Release|Any CPU
		{15A83E3B-D48A-42A2-BB7C-F261094510F0}.Debug|Any CPU.ActiveCfg = Debug|Any CPU
		{15A83E3B-D48A-42A2-BB7C-F261094510F0}.Debug|Any CPU.Build.0 = Debug|Any CPU
		{15A83E3B-D48A-42A2-BB7C-F261094510F0}.Release|Any CPU.ActiveCfg = Release|Any CPU
		{15A83E3B-D48A-42A2-BB7C-F261094510F0}.Release|Any CPU.Build.0 = Release|Any CPU
		{0CA215C8-CEAE-4195-84B6-DED787E6D36C}.Debug|Any CPU.ActiveCfg = Debug|Any CPU
		{0CA215C8-CEAE-4195-84B6-DED787E6D36C}.Debug|Any CPU.Build.0 = Debug|Any CPU
		{0CA215C8-CEAE-4195-84B6-DED787E6D36C}.Release|Any CPU.ActiveCfg = Release|Any CPU
		{0CA215C8-CEAE-4195-84B6-DED787E6D36C}.Release|Any CPU.Build.0 = Release|Any CPU
		{88786D67-190B-441E-9C58-8BB67FF3A6D1}.Debug|Any CPU.ActiveCfg = Debug|Any CPU
		{88786D67-190B-441E-9C58-8BB67FF3A6D1}.Debug|Any CPU.Build.0 = Debug|Any CPU
		{88786D67-190B-441E-9C58-8BB67FF3A6D1}.Release|Any CPU.ActiveCfg = Release|Any CPU
		{88786D67-190B-441E-9C58-8BB67FF3A6D1}.Release|Any CPU.Build.0 = Release|Any CPU
		{243C8E76-DA23-4033-A4B0-8B28BAEBDFEA}.Debug|Any CPU.ActiveCfg = Debug|Any CPU
		{243C8E76-DA23-4033-A4B0-8B28BAEBDFEA}.Debug|Any CPU.Build.0 = Debug|Any CPU
		{243C8E76-DA23-4033-A4B0-8B28BAEBDFEA}.Release|Any CPU.ActiveCfg = Release|Any CPU
		{243C8E76-DA23-4033-A4B0-8B28BAEBDFEA}.Release|Any CPU.Build.0 = Release|Any CPU
		{CF19684B-6059-4DA3-BF5A-48443D16ED29}.Debug|Any CPU.ActiveCfg = Debug|Any CPU
		{CF19684B-6059-4DA3-BF5A-48443D16ED29}.Debug|Any CPU.Build.0 = Debug|Any CPU
		{CF19684B-6059-4DA3-BF5A-48443D16ED29}.Release|Any CPU.ActiveCfg = Release|Any CPU
		{CF19684B-6059-4DA3-BF5A-48443D16ED29}.Release|Any CPU.Build.0 = Release|Any CPU
		{24E310A2-5FDF-4F57-AD22-F097D2091536}.Debug|Any CPU.ActiveCfg = Debug|Any CPU
		{24E310A2-5FDF-4F57-AD22-F097D2091536}.Debug|Any CPU.Build.0 = Debug|Any CPU
		{24E310A2-5FDF-4F57-AD22-F097D2091536}.Release|Any CPU.ActiveCfg = Release|Any CPU
		{24E310A2-5FDF-4F57-AD22-F097D2091536}.Release|Any CPU.Build.0 = Release|Any CPU
		{11C2794F-F635-4AC8-A12F-27D2236EB9F2}.Debug|Any CPU.ActiveCfg = Debug|Any CPU
		{11C2794F-F635-4AC8-A12F-27D2236EB9F2}.Debug|Any CPU.Build.0 = Debug|Any CPU
		{11C2794F-F635-4AC8-A12F-27D2236EB9F2}.Release|Any CPU.ActiveCfg = Release|Any CPU
		{11C2794F-F635-4AC8-A12F-27D2236EB9F2}.Release|Any CPU.Build.0 = Release|Any CPU
		{5F09D148-87BD-4DFF-B969-0A1DA15C1ED1}.Debug|Any CPU.ActiveCfg = Debug|Any CPU
		{5F09D148-87BD-4DFF-B969-0A1DA15C1ED1}.Debug|Any CPU.Build.0 = Debug|Any CPU
		{5F09D148-87BD-4DFF-B969-0A1DA15C1ED1}.Release|Any CPU.ActiveCfg = Release|Any CPU
		{5F09D148-87BD-4DFF-B969-0A1DA15C1ED1}.Release|Any CPU.Build.0 = Release|Any CPU
		{112CF1B7-F309-4F14-86E4-262688F0599E}.Debug|Any CPU.ActiveCfg = Debug|Any CPU
		{112CF1B7-F309-4F14-86E4-262688F0599E}.Debug|Any CPU.Build.0 = Debug|Any CPU
		{112CF1B7-F309-4F14-86E4-262688F0599E}.Release|Any CPU.ActiveCfg = Release|Any CPU
		{112CF1B7-F309-4F14-86E4-262688F0599E}.Release|Any CPU.Build.0 = Release|Any CPU
		{5732DAD5-31FA-4A5D-A63E-1A6D02806188}.Debug|Any CPU.ActiveCfg = Debug|Any CPU
		{5732DAD5-31FA-4A5D-A63E-1A6D02806188}.Debug|Any CPU.Build.0 = Debug|Any CPU
		{5732DAD5-31FA-4A5D-A63E-1A6D02806188}.Release|Any CPU.ActiveCfg = Release|Any CPU
		{5732DAD5-31FA-4A5D-A63E-1A6D02806188}.Release|Any CPU.Build.0 = Release|Any CPU
		{FCAD7915-F916-4640-9653-8ADE7ED97591}.Debug|Any CPU.ActiveCfg = Debug|Any CPU
		{FCAD7915-F916-4640-9653-8ADE7ED97591}.Debug|Any CPU.Build.0 = Debug|Any CPU
		{FCAD7915-F916-4640-9653-8ADE7ED97591}.Release|Any CPU.ActiveCfg = Release|Any CPU
		{FCAD7915-F916-4640-9653-8ADE7ED97591}.Release|Any CPU.Build.0 = Release|Any CPU
		{6D827AC8-A570-45E4-AB9A-AF14856AD04D}.Debug|Any CPU.ActiveCfg = Debug|Any CPU
		{6D827AC8-A570-45E4-AB9A-AF14856AD04D}.Debug|Any CPU.Build.0 = Debug|Any CPU
		{6D827AC8-A570-45E4-AB9A-AF14856AD04D}.Release|Any CPU.ActiveCfg = Release|Any CPU
		{6D827AC8-A570-45E4-AB9A-AF14856AD04D}.Release|Any CPU.Build.0 = Release|Any CPU
		{6ACE547B-750C-4462-9DDC-ACE33A4F84E4}.Debug|Any CPU.ActiveCfg = Debug|Any CPU
		{6ACE547B-750C-4462-9DDC-ACE33A4F84E4}.Debug|Any CPU.Build.0 = Debug|Any CPU
		{6ACE547B-750C-4462-9DDC-ACE33A4F84E4}.Release|Any CPU.ActiveCfg = Release|Any CPU
		{6ACE547B-750C-4462-9DDC-ACE33A4F84E4}.Release|Any CPU.Build.0 = Release|Any CPU
	EndGlobalSection
EndGlobal
